// !$*UTF8*$!
{
	archiveVersion = 1;
	classes = {
	};
	objectVersion = 50;
	objects = {

/* Begin PBXBuildFile section */
		4688DBCE2516019000B2F088 /* FlooidObservables.h in Headers */ = {isa = PBXBuildFile; fileRef = 4688DBC02516019000B2F088 /* FlooidObservables.h */; settings = {ATTRIBUTES = (Public, ); }; };
		4688DBDF2516023700B2F088 /* FlatMappedBindable.swift in Sources */ = {isa = PBXBuildFile; fileRef = 4688DBD72516023700B2F088 /* FlatMappedBindable.swift */; };
		4688DBE02516023700B2F088 /* Bindable.swift in Sources */ = {isa = PBXBuildFile; fileRef = 4688DBD82516023700B2F088 /* Bindable.swift */; };
		4688DBE12516023700B2F088 /* MutableBindable.swift in Sources */ = {isa = PBXBuildFile; fileRef = 4688DBD92516023700B2F088 /* MutableBindable.swift */; };
		4688DBE22516023700B2F088 /* UserDefaultsBindableProvider.swift in Sources */ = {isa = PBXBuildFile; fileRef = 4688DBDA2516023700B2F088 /* UserDefaultsBindableProvider.swift */; };
		4688DBE42516023700B2F088 /* MappedBindable.swift in Sources */ = {isa = PBXBuildFile; fileRef = 4688DBDC2516023700B2F088 /* MappedBindable.swift */; };
		4688DBE52516023700B2F088 /* CombinedBindable.swift in Sources */ = {isa = PBXBuildFile; fileRef = 4688DBDD2516023700B2F088 /* CombinedBindable.swift */; };
		469BAC122688964000072DF4 /* ObservableValue.swift in Sources */ = {isa = PBXBuildFile; fileRef = 469BAC112688964000072DF4 /* ObservableValue.swift */; };
		469BAC1B2688981F00072DF4 /* PublishedBindable.swift in Sources */ = {isa = PBXBuildFile; fileRef = 469BAC1A2688981F00072DF4 /* PublishedBindable.swift */; };
		469BAC1D2688983000072DF4 /* PublishedObservable.swift in Sources */ = {isa = PBXBuildFile; fileRef = 469BAC1C2688983000072DF4 /* PublishedObservable.swift */; };
		469BAC1F268898AC00072DF4 /* ObservableValueSubscription.swift in Sources */ = {isa = PBXBuildFile; fileRef = 469BAC1E268898AC00072DF4 /* ObservableValueSubscription.swift */; };
/* End PBXBuildFile section */

/* Begin PBXFileReference section */
		4688DBBD2516019000B2F088 /* FlooidObservables.framework */ = {isa = PBXFileReference; explicitFileType = wrapper.framework; includeInIndex = 0; path = FlooidObservables.framework; sourceTree = BUILT_PRODUCTS_DIR; };
		4688DBC02516019000B2F088 /* FlooidObservables.h */ = {isa = PBXFileReference; lastKnownFileType = sourcecode.c.h; path = FlooidObservables.h; sourceTree = "<group>"; };
		4688DBC12516019000B2F088 /* Info.plist */ = {isa = PBXFileReference; lastKnownFileType = text.plist.xml; path = Info.plist; sourceTree = "<group>"; };
		4688DBD72516023700B2F088 /* FlatMappedBindable.swift */ = {isa = PBXFileReference; fileEncoding = 4; lastKnownFileType = sourcecode.swift; path = FlatMappedBindable.swift; sourceTree = "<group>"; };
		4688DBD82516023700B2F088 /* Bindable.swift */ = {isa = PBXFileReference; fileEncoding = 4; lastKnownFileType = sourcecode.swift; path = Bindable.swift; sourceTree = "<group>"; };
		4688DBD92516023700B2F088 /* MutableBindable.swift */ = {isa = PBXFileReference; fileEncoding = 4; lastKnownFileType = sourcecode.swift; path = MutableBindable.swift; sourceTree = "<group>"; };
		4688DBDA2516023700B2F088 /* UserDefaultsBindableProvider.swift */ = {isa = PBXFileReference; fileEncoding = 4; lastKnownFileType = sourcecode.swift; path = UserDefaultsBindableProvider.swift; sourceTree = "<group>"; };
		4688DBDC2516023700B2F088 /* MappedBindable.swift */ = {isa = PBXFileReference; fileEncoding = 4; lastKnownFileType = sourcecode.swift; path = MappedBindable.swift; sourceTree = "<group>"; };
		4688DBDD2516023700B2F088 /* CombinedBindable.swift */ = {isa = PBXFileReference; fileEncoding = 4; lastKnownFileType = sourcecode.swift; path = CombinedBindable.swift; sourceTree = "<group>"; };
		469BAC112688964000072DF4 /* ObservableValue.swift */ = {isa = PBXFileReference; lastKnownFileType = sourcecode.swift; path = ObservableValue.swift; sourceTree = "<group>"; };
		469BAC1A2688981F00072DF4 /* PublishedBindable.swift */ = {isa = PBXFileReference; lastKnownFileType = sourcecode.swift; path = PublishedBindable.swift; sourceTree = "<group>"; };
		469BAC1C2688983000072DF4 /* PublishedObservable.swift */ = {isa = PBXFileReference; lastKnownFileType = sourcecode.swift; path = PublishedObservable.swift; sourceTree = "<group>"; };
		469BAC1E268898AC00072DF4 /* ObservableValueSubscription.swift */ = {isa = PBXFileReference; lastKnownFileType = sourcecode.swift; path = ObservableValueSubscription.swift; sourceTree = "<group>"; };
/* End PBXFileReference section */

/* Begin PBXFrameworksBuildPhase section */
		4688DBBA2516019000B2F088 /* Frameworks */ = {
			isa = PBXFrameworksBuildPhase;
			buildActionMask = 2147483647;
			files = (
			);
			runOnlyForDeploymentPostprocessing = 0;
		};
/* End PBXFrameworksBuildPhase section */

/* Begin PBXGroup section */
		4688DBB32516019000B2F088 = {
			isa = PBXGroup;
			children = (
				4688DBBF2516019000B2F088 /* FlooidObservables */,
				4688DBBE2516019000B2F088 /* Products */,
			);
			sourceTree = "<group>";
		};
		4688DBBE2516019000B2F088 /* Products */ = {
			isa = PBXGroup;
			children = (
				4688DBBD2516019000B2F088 /* FlooidObservables.framework */,
			);
			name = Products;
			sourceTree = "<group>";
		};
		4688DBBF2516019000B2F088 /* FlooidObservables */ = {
			isa = PBXGroup;
			children = (
				469BAC112688964000072DF4 /* ObservableValue.swift */,
				4688DBD82516023700B2F088 /* Bindable.swift */,
				4688DBD92516023700B2F088 /* MutableBindable.swift */,
				4688DBDC2516023700B2F088 /* MappedBindable.swift */,
				4688DBD72516023700B2F088 /* FlatMappedBindable.swift */,
				4688DBDD2516023700B2F088 /* CombinedBindable.swift */,
				4688DBDA2516023700B2F088 /* UserDefaultsBindableProvider.swift */,
				469BAC15268897D400072DF4 /* Combine */,
				4688DBC02516019000B2F088 /* FlooidObservables.h */,
				4688DBC12516019000B2F088 /* Info.plist */,
			);
			path = FlooidObservables;
			sourceTree = "<group>";
		};
		469BAC15268897D400072DF4 /* Combine */ = {
			isa = PBXGroup;
			children = (
				469BAC1E268898AC00072DF4 /* ObservableValueSubscription.swift */,
				469BAC1A2688981F00072DF4 /* PublishedBindable.swift */,
				469BAC1C2688983000072DF4 /* PublishedObservable.swift */,
			);
			path = Combine;
			sourceTree = "<group>";
		};
/* End PBXGroup section */

/* Begin PBXHeadersBuildPhase section */
		4688DBB82516019000B2F088 /* Headers */ = {
			isa = PBXHeadersBuildPhase;
			buildActionMask = 2147483647;
			files = (
				4688DBCE2516019000B2F088 /* FlooidObservables.h in Headers */,
			);
			runOnlyForDeploymentPostprocessing = 0;
		};
/* End PBXHeadersBuildPhase section */

/* Begin PBXNativeTarget section */
		4688DBBC2516019000B2F088 /* FlooidObservables */ = {
			isa = PBXNativeTarget;
			buildConfigurationList = 4688DBD12516019000B2F088 /* Build configuration list for PBXNativeTarget "FlooidObservables" */;
			buildPhases = (
				4688DBB82516019000B2F088 /* Headers */,
				4688DBB92516019000B2F088 /* Sources */,
				4688DBBA2516019000B2F088 /* Frameworks */,
				4688DBBB2516019000B2F088 /* Resources */,
			);
			buildRules = (
			);
			dependencies = (
			);
			name = FlooidObservables;
			productName = FlooidObservables;
			productReference = 4688DBBD2516019000B2F088 /* FlooidObservables.framework */;
			productType = "com.apple.product-type.framework";
		};
/* End PBXNativeTarget section */

/* Begin PBXProject section */
		4688DBB42516019000B2F088 /* Project object */ = {
			isa = PBXProject;
			attributes = {
				LastSwiftUpdateCheck = 1200;
				LastUpgradeCheck = 1200;
				TargetAttributes = {
					4688DBBC2516019000B2F088 = {
						CreatedOnToolsVersion = 12.0;
						LastSwiftMigration = 1200;
					};
				};
			};
			buildConfigurationList = 4688DBB72516019000B2F088 /* Build configuration list for PBXProject "FlooidObservables" */;
			compatibilityVersion = "Xcode 9.3";
			developmentRegion = en;
			hasScannedForEncodings = 0;
			knownRegions = (
				en,
				Base,
			);
			mainGroup = 4688DBB32516019000B2F088;
			productRefGroup = 4688DBBE2516019000B2F088 /* Products */;
			projectDirPath = "";
			projectRoot = "";
			targets = (
				4688DBBC2516019000B2F088 /* FlooidObservables */,
			);
		};
/* End PBXProject section */

/* Begin PBXResourcesBuildPhase section */
		4688DBBB2516019000B2F088 /* Resources */ = {
			isa = PBXResourcesBuildPhase;
			buildActionMask = 2147483647;
			files = (
			);
			runOnlyForDeploymentPostprocessing = 0;
		};
/* End PBXResourcesBuildPhase section */

/* Begin PBXSourcesBuildPhase section */
		4688DBB92516019000B2F088 /* Sources */ = {
			isa = PBXSourcesBuildPhase;
			buildActionMask = 2147483647;
			files = (
				4688DBE22516023700B2F088 /* UserDefaultsBindableProvider.swift in Sources */,
				4688DBE12516023700B2F088 /* MutableBindable.swift in Sources */,
				469BAC1B2688981F00072DF4 /* PublishedBindable.swift in Sources */,
				4688DBE42516023700B2F088 /* MappedBindable.swift in Sources */,
				469BAC1F268898AC00072DF4 /* ObservableValueSubscription.swift in Sources */,
				469BAC1D2688983000072DF4 /* PublishedObservable.swift in Sources */,
				469BAC122688964000072DF4 /* ObservableValue.swift in Sources */,
				4688DBE02516023700B2F088 /* Bindable.swift in Sources */,
				4688DBDF2516023700B2F088 /* FlatMappedBindable.swift in Sources */,
				4688DBE52516023700B2F088 /* CombinedBindable.swift in Sources */,
			);
			runOnlyForDeploymentPostprocessing = 0;
		};
/* End PBXSourcesBuildPhase section */

/* Begin XCBuildConfiguration section */
		4688DBCF2516019000B2F088 /* Debug */ = {
			isa = XCBuildConfiguration;
			buildSettings = {
				ALWAYS_SEARCH_USER_PATHS = NO;
				CLANG_ANALYZER_NONNULL = YES;
				CLANG_ANALYZER_NUMBER_OBJECT_CONVERSION = YES_AGGRESSIVE;
				CLANG_CXX_LANGUAGE_STANDARD = "gnu++14";
				CLANG_CXX_LIBRARY = "libc++";
				CLANG_ENABLE_MODULES = YES;
				CLANG_ENABLE_OBJC_ARC = YES;
				CLANG_ENABLE_OBJC_WEAK = YES;
				CLANG_WARN_BLOCK_CAPTURE_AUTORELEASING = YES;
				CLANG_WARN_BOOL_CONVERSION = YES;
				CLANG_WARN_COMMA = YES;
				CLANG_WARN_CONSTANT_CONVERSION = YES;
				CLANG_WARN_DEPRECATED_OBJC_IMPLEMENTATIONS = YES;
				CLANG_WARN_DIRECT_OBJC_ISA_USAGE = YES_ERROR;
				CLANG_WARN_DOCUMENTATION_COMMENTS = YES;
				CLANG_WARN_EMPTY_BODY = YES;
				CLANG_WARN_ENUM_CONVERSION = YES;
				CLANG_WARN_INFINITE_RECURSION = YES;
				CLANG_WARN_INT_CONVERSION = YES;
				CLANG_WARN_NON_LITERAL_NULL_CONVERSION = YES;
				CLANG_WARN_OBJC_IMPLICIT_RETAIN_SELF = YES;
				CLANG_WARN_OBJC_LITERAL_CONVERSION = YES;
				CLANG_WARN_OBJC_ROOT_CLASS = YES_ERROR;
				CLANG_WARN_QUOTED_INCLUDE_IN_FRAMEWORK_HEADER = YES;
				CLANG_WARN_RANGE_LOOP_ANALYSIS = YES;
				CLANG_WARN_STRICT_PROTOTYPES = YES;
				CLANG_WARN_SUSPICIOUS_MOVE = YES;
				CLANG_WARN_UNGUARDED_AVAILABILITY = YES_AGGRESSIVE;
				CLANG_WARN_UNREACHABLE_CODE = YES;
				CLANG_WARN__DUPLICATE_METHOD_MATCH = YES;
				COPY_PHASE_STRIP = NO;
				CURRENT_PROJECT_VERSION = 1;
				DEBUG_INFORMATION_FORMAT = dwarf;
				ENABLE_STRICT_OBJC_MSGSEND = YES;
				ENABLE_TESTABILITY = YES;
				GCC_C_LANGUAGE_STANDARD = gnu11;
				GCC_DYNAMIC_NO_PIC = NO;
				GCC_NO_COMMON_BLOCKS = YES;
				GCC_OPTIMIZATION_LEVEL = 0;
				GCC_PREPROCESSOR_DEFINITIONS = (
					"DEBUG=1",
					"$(inherited)",
				);
				GCC_WARN_64_TO_32_BIT_CONVERSION = YES;
				GCC_WARN_ABOUT_RETURN_TYPE = YES_ERROR;
				GCC_WARN_UNDECLARED_SELECTOR = YES;
				GCC_WARN_UNINITIALIZED_AUTOS = YES_AGGRESSIVE;
				GCC_WARN_UNUSED_FUNCTION = YES;
				GCC_WARN_UNUSED_VARIABLE = YES;
				IPHONEOS_DEPLOYMENT_TARGET = 13.0;
				MTL_ENABLE_DEBUG_INFO = INCLUDE_SOURCE;
				MTL_FAST_MATH = YES;
				ONLY_ACTIVE_ARCH = YES;
				SDKROOT = iphoneos;
				SWIFT_ACTIVE_COMPILATION_CONDITIONS = DEBUG;
				SWIFT_OPTIMIZATION_LEVEL = "-Onone";
				SWIFT_VERSION = 5.0;
				VERSIONING_SYSTEM = "apple-generic";
				VERSION_INFO_PREFIX = "";
			};
			name = Debug;
		};
		4688DBD02516019000B2F088 /* Release */ = {
			isa = XCBuildConfiguration;
			buildSettings = {
				ALWAYS_SEARCH_USER_PATHS = NO;
				CLANG_ANALYZER_NONNULL = YES;
				CLANG_ANALYZER_NUMBER_OBJECT_CONVERSION = YES_AGGRESSIVE;
				CLANG_CXX_LANGUAGE_STANDARD = "gnu++14";
				CLANG_CXX_LIBRARY = "libc++";
				CLANG_ENABLE_MODULES = YES;
				CLANG_ENABLE_OBJC_ARC = YES;
				CLANG_ENABLE_OBJC_WEAK = YES;
				CLANG_WARN_BLOCK_CAPTURE_AUTORELEASING = YES;
				CLANG_WARN_BOOL_CONVERSION = YES;
				CLANG_WARN_COMMA = YES;
				CLANG_WARN_CONSTANT_CONVERSION = YES;
				CLANG_WARN_DEPRECATED_OBJC_IMPLEMENTATIONS = YES;
				CLANG_WARN_DIRECT_OBJC_ISA_USAGE = YES_ERROR;
				CLANG_WARN_DOCUMENTATION_COMMENTS = YES;
				CLANG_WARN_EMPTY_BODY = YES;
				CLANG_WARN_ENUM_CONVERSION = YES;
				CLANG_WARN_INFINITE_RECURSION = YES;
				CLANG_WARN_INT_CONVERSION = YES;
				CLANG_WARN_NON_LITERAL_NULL_CONVERSION = YES;
				CLANG_WARN_OBJC_IMPLICIT_RETAIN_SELF = YES;
				CLANG_WARN_OBJC_LITERAL_CONVERSION = YES;
				CLANG_WARN_OBJC_ROOT_CLASS = YES_ERROR;
				CLANG_WARN_QUOTED_INCLUDE_IN_FRAMEWORK_HEADER = YES;
				CLANG_WARN_RANGE_LOOP_ANALYSIS = YES;
				CLANG_WARN_STRICT_PROTOTYPES = YES;
				CLANG_WARN_SUSPICIOUS_MOVE = YES;
				CLANG_WARN_UNGUARDED_AVAILABILITY = YES_AGGRESSIVE;
				CLANG_WARN_UNREACHABLE_CODE = YES;
				CLANG_WARN__DUPLICATE_METHOD_MATCH = YES;
				COPY_PHASE_STRIP = NO;
				CURRENT_PROJECT_VERSION = 1;
				DEBUG_INFORMATION_FORMAT = "dwarf-with-dsym";
				ENABLE_NS_ASSERTIONS = NO;
				ENABLE_STRICT_OBJC_MSGSEND = YES;
				GCC_C_LANGUAGE_STANDARD = gnu11;
				GCC_NO_COMMON_BLOCKS = YES;
				GCC_WARN_64_TO_32_BIT_CONVERSION = YES;
				GCC_WARN_ABOUT_RETURN_TYPE = YES_ERROR;
				GCC_WARN_UNDECLARED_SELECTOR = YES;
				GCC_WARN_UNINITIALIZED_AUTOS = YES_AGGRESSIVE;
				GCC_WARN_UNUSED_FUNCTION = YES;
				GCC_WARN_UNUSED_VARIABLE = YES;
				IPHONEOS_DEPLOYMENT_TARGET = 13.0;
				MTL_ENABLE_DEBUG_INFO = NO;
				MTL_FAST_MATH = YES;
				SDKROOT = iphoneos;
				SWIFT_COMPILATION_MODE = wholemodule;
				SWIFT_OPTIMIZATION_LEVEL = "-O";
				SWIFT_VERSION = 5.0;
				VALIDATE_PRODUCT = YES;
				VERSIONING_SYSTEM = "apple-generic";
				VERSION_INFO_PREFIX = "";
			};
			name = Release;
		};
		4688DBD22516019000B2F088 /* Debug */ = {
			isa = XCBuildConfiguration;
			buildSettings = {
				CLANG_ENABLE_MODULES = YES;
				CODE_SIGN_STYLE = Automatic;
				DEFINES_MODULE = YES;
				DEVELOPMENT_TEAM = 68289M92U2;
				DYLIB_COMPATIBILITY_VERSION = 1;
				DYLIB_CURRENT_VERSION = 1;
				DYLIB_INSTALL_NAME_BASE = "@rpath";
				INFOPLIST_FILE = FlooidObservables/Info.plist;
				INSTALL_PATH = "$(LOCAL_LIBRARY_DIR)/Frameworks";
				LD_RUNPATH_SEARCH_PATHS = (
					"$(inherited)",
					"@executable_path/Frameworks",
					"@loader_path/Frameworks",
				);
				PRODUCT_BUNDLE_IDENTIFIER = com.mart.FlooidObservables;
				PRODUCT_NAME = "$(TARGET_NAME:c99extidentifier)";
				SKIP_INSTALL = YES;
				SWIFT_OPTIMIZATION_LEVEL = "-Onone";
				SWIFT_VERSION = 5.0;
				TARGETED_DEVICE_FAMILY = "1,2";
			};
			name = Debug;
		};
		4688DBD32516019000B2F088 /* Release */ = {
			isa = XCBuildConfiguration;
			buildSettings = {
				CLANG_ENABLE_MODULES = YES;
				CODE_SIGN_STYLE = Automatic;
				DEFINES_MODULE = YES;
				DEVELOPMENT_TEAM = 68289M92U2;
				DYLIB_COMPATIBILITY_VERSION = 1;
				DYLIB_CURRENT_VERSION = 1;
				DYLIB_INSTALL_NAME_BASE = "@rpath";
				INFOPLIST_FILE = FlooidObservables/Info.plist;
				INSTALL_PATH = "$(LOCAL_LIBRARY_DIR)/Frameworks";
				LD_RUNPATH_SEARCH_PATHS = (
					"$(inherited)",
					"@executable_path/Frameworks",
					"@loader_path/Frameworks",
				);
				PRODUCT_BUNDLE_IDENTIFIER = com.mart.FlooidObservables;
				PRODUCT_NAME = "$(TARGET_NAME:c99extidentifier)";
				SKIP_INSTALL = YES;
				SWIFT_VERSION = 5.0;
				TARGETED_DEVICE_FAMILY = "1,2";
			};
			name = Release;
		};
/* End XCBuildConfiguration section */

/* Begin XCConfigurationList section */
		4688DBB72516019000B2F088 /* Build configuration list for PBXProject "FlooidObservables" */ = {
			isa = XCConfigurationList;
			buildConfigurations = (
				4688DBCF2516019000B2F088 /* Debug */,
				4688DBD02516019000B2F088 /* Release */,
			);
			defaultConfigurationIsVisible = 0;
			defaultConfigurationName = Release;
		};
		4688DBD12516019000B2F088 /* Build configuration list for PBXNativeTarget "FlooidObservables" */ = {
			isa = XCConfigurationList;
			buildConfigurations = (
				4688DBD22516019000B2F088 /* Debug */,
				4688DBD32516019000B2F088 /* Release */,
			);
			defaultConfigurationIsVisible = 0;
			defaultConfigurationName = Release;
		};
/* End XCConfigurationList section */
	};
	rootObject = 4688DBB42516019000B2F088 /* Project object */;
}
